// !$*UTF8*$!
{
	archiveVersion = 1;
	classes = {
	};
	objectVersion = 46;
	objects = {

/* Begin PBXBuildFile section */
		45156C8D6842BF2444BB3F1C /* Pods_FreeMe.framework in Frameworks */ = {isa = PBXBuildFile; fileRef = 7C30D4486FE64A2BA1CD1FD2 /* Pods_FreeMe.framework */; };
		B1090D4E1D336E7000EBD7F6 /* AppDelegate.swift in Sources */ = {isa = PBXBuildFile; fileRef = B1090D4D1D336E7000EBD7F6 /* AppDelegate.swift */; };
		B1090D501D336E7000EBD7F6 /* ViewController.swift in Sources */ = {isa = PBXBuildFile; fileRef = B1090D4F1D336E7000EBD7F6 /* ViewController.swift */; };
		B1090D531D336E7000EBD7F6 /* Main.storyboard in Resources */ = {isa = PBXBuildFile; fileRef = B1090D511D336E7000EBD7F6 /* Main.storyboard */; };
		B1090D551D336E7000EBD7F6 /* Assets.xcassets in Resources */ = {isa = PBXBuildFile; fileRef = B1090D541D336E7000EBD7F6 /* Assets.xcassets */; };
		B1090D581D336E7000EBD7F6 /* LaunchScreen.storyboard in Resources */ = {isa = PBXBuildFile; fileRef = B1090D561D336E7000EBD7F6 /* LaunchScreen.storyboard */; };
		B1090D601D3387BF00EBD7F6 /* List.swift in Sources */ = {isa = PBXBuildFile; fileRef = B1090D5F1D3387BF00EBD7F6 /* List.swift */; };
		B1090D6D1D339F2E00EBD7F6 /* RealmHelper.swift in Sources */ = {isa = PBXBuildFile; fileRef = B1090D6C1D339F2E00EBD7F6 /* RealmHelper.swift */; };
		B10A7B171D354F34002DD376 /* NSDate+convertToString.swift in Sources */ = {isa = PBXBuildFile; fileRef = B10A7B161D354F34002DD376 /* NSDate+convertToString.swift */; };
		B11E282D1D34914700C88663 /* ListListTableViewController.swift in Sources */ = {isa = PBXBuildFile; fileRef = B11E282C1D34914700C88663 /* ListListTableViewController.swift */; };
		B11E282F1D34945900C88663 /* DisplayListViewController.swift in Sources */ = {isa = PBXBuildFile; fileRef = B11E282E1D34945900C88663 /* DisplayListViewController.swift */; };
		B11E28321D34A5DC00C88663 /* ListListTableViewCell.swift in Sources */ = {isa = PBXBuildFile; fileRef = B11E28311D34A5DC00C88663 /* ListListTableViewCell.swift */; };
/* End PBXBuildFile section */

/* Begin PBXFileReference section */
		136C3DF35DA09A699232D38F /* Pods-FreeMe.debug.xcconfig */ = {isa = PBXFileReference; includeInIndex = 1; lastKnownFileType = text.xcconfig; name = "Pods-FreeMe.debug.xcconfig"; path = "Pods/Target Support Files/Pods-FreeMe/Pods-FreeMe.debug.xcconfig"; sourceTree = "<group>"; };
		7C30D4486FE64A2BA1CD1FD2 /* Pods_FreeMe.framework */ = {isa = PBXFileReference; explicitFileType = wrapper.framework; includeInIndex = 0; path = Pods_FreeMe.framework; sourceTree = BUILT_PRODUCTS_DIR; };
		874D0FBA6F7FFB3BD1DC6D5B /* Pods-FreeMe.release.xcconfig */ = {isa = PBXFileReference; includeInIndex = 1; lastKnownFileType = text.xcconfig; name = "Pods-FreeMe.release.xcconfig"; path = "Pods/Target Support Files/Pods-FreeMe/Pods-FreeMe.release.xcconfig"; sourceTree = "<group>"; };
		B1090D4A1D336E7000EBD7F6 /* FreeMe.app */ = {isa = PBXFileReference; explicitFileType = wrapper.application; includeInIndex = 0; path = FreeMe.app; sourceTree = BUILT_PRODUCTS_DIR; };
		B1090D4D1D336E7000EBD7F6 /* AppDelegate.swift */ = {isa = PBXFileReference; lastKnownFileType = sourcecode.swift; path = AppDelegate.swift; sourceTree = "<group>"; };
		B1090D4F1D336E7000EBD7F6 /* ViewController.swift */ = {isa = PBXFileReference; lastKnownFileType = sourcecode.swift; path = ViewController.swift; sourceTree = "<group>"; };
		B1090D521D336E7000EBD7F6 /* Base */ = {isa = PBXFileReference; lastKnownFileType = file.storyboard; name = Base; path = Base.lproj/Main.storyboard; sourceTree = "<group>"; };
		B1090D541D336E7000EBD7F6 /* Assets.xcassets */ = {isa = PBXFileReference; lastKnownFileType = folder.assetcatalog; path = Assets.xcassets; sourceTree = "<group>"; };
		B1090D571D336E7000EBD7F6 /* Base */ = {isa = PBXFileReference; lastKnownFileType = file.storyboard; name = Base; path = Base.lproj/LaunchScreen.storyboard; sourceTree = "<group>"; };
		B1090D591D336E7000EBD7F6 /* Info.plist */ = {isa = PBXFileReference; lastKnownFileType = text.plist.xml; path = Info.plist; sourceTree = "<group>"; };
		B1090D5F1D3387BF00EBD7F6 /* List.swift */ = {isa = PBXFileReference; fileEncoding = 4; lastKnownFileType = sourcecode.swift; name = List.swift; path = ../List.swift; sourceTree = "<group>"; };
		B1090D6C1D339F2E00EBD7F6 /* RealmHelper.swift */ = {isa = PBXFileReference; fileEncoding = 4; lastKnownFileType = sourcecode.swift; path = RealmHelper.swift; sourceTree = "<group>"; };
		B10A7B161D354F34002DD376 /* NSDate+convertToString.swift */ = {isa = PBXFileReference; fileEncoding = 4; lastKnownFileType = sourcecode.swift; path = "NSDate+convertToString.swift"; sourceTree = "<group>"; };
		B11E282C1D34914700C88663 /* ListListTableViewController.swift */ = {isa = PBXFileReference; fileEncoding = 4; lastKnownFileType = sourcecode.swift; name = ListListTableViewController.swift; path = ../ListListTableViewController.swift; sourceTree = "<group>"; };
		B11E282E1D34945900C88663 /* DisplayListViewController.swift */ = {isa = PBXFileReference; fileEncoding = 4; lastKnownFileType = sourcecode.swift; name = DisplayListViewController.swift; path = ../DisplayListViewController.swift; sourceTree = "<group>"; };
		B11E28311D34A5DC00C88663 /* ListListTableViewCell.swift */ = {isa = PBXFileReference; fileEncoding = 4; lastKnownFileType = sourcecode.swift; path = ListListTableViewCell.swift; sourceTree = "<group>"; };
/* End PBXFileReference section */

/* Begin PBXFrameworksBuildPhase section */
		B1090D471D336E7000EBD7F6 /* Frameworks */ = {
			isa = PBXFrameworksBuildPhase;
			buildActionMask = 2147483647;
			files = (
				45156C8D6842BF2444BB3F1C /* Pods_FreeMe.framework in Frameworks */,
			);
			runOnlyForDeploymentPostprocessing = 0;
		};
/* End PBXFrameworksBuildPhase section */

/* Begin PBXGroup section */
		B1090D411D336E7000EBD7F6 = {
			isa = PBXGroup;
			children = (
				B1090D4C1D336E7000EBD7F6 /* FreeMe */,
				B1090D4B1D336E7000EBD7F6 /* Products */,
				CA264DAC108A91B471EEB4A7 /* Pods */,
				D6F0E27CC330E1FD47280C58 /* Frameworks */,
			);
			sourceTree = "<group>";
		};
		B1090D4B1D336E7000EBD7F6 /* Products */ = {
			isa = PBXGroup;
			children = (
				B1090D4A1D336E7000EBD7F6 /* FreeMe.app */,
			);
			name = Products;
			sourceTree = "<group>";
		};
		B1090D4C1D336E7000EBD7F6 /* FreeMe */ = {
			isa = PBXGroup;
			children = (
				B10A7B151D354EFA002DD376 /* Extensions */,
				B10A7B141D3524B7002DD376 /* Model */,
				B10A7B131D35245C002DD376 /* Controllers */,
				B11E28301D34A5A900C88663 /* Views */,
				B1090D6B1D339F0700EBD7F6 /* Helpers */,
				B1090D4D1D336E7000EBD7F6 /* AppDelegate.swift */,
				B1090D4F1D336E7000EBD7F6 /* ViewController.swift */,
				B1090D511D336E7000EBD7F6 /* Main.storyboard */,
				B1090D541D336E7000EBD7F6 /* Assets.xcassets */,
				B1090D561D336E7000EBD7F6 /* LaunchScreen.storyboard */,
				B1090D591D336E7000EBD7F6 /* Info.plist */,
			);
			path = FreeMe;
			sourceTree = "<group>";
		};
		B1090D6B1D339F0700EBD7F6 /* Helpers */ = {
			isa = PBXGroup;
			children = (
				B1090D6C1D339F2E00EBD7F6 /* RealmHelper.swift */,
			);
			path = Helpers;
			sourceTree = "<group>";
		};
		B10A7B131D35245C002DD376 /* Controllers */ = {
			isa = PBXGroup;
			children = (
				B11E282C1D34914700C88663 /* ListListTableViewController.swift */,
				B11E282E1D34945900C88663 /* DisplayListViewController.swift */,
			);
			path = Controllers;
			sourceTree = "<group>";
		};
		B10A7B141D3524B7002DD376 /* Model */ = {
			isa = PBXGroup;
			children = (
				B1090D5F1D3387BF00EBD7F6 /* List.swift */,
			);
			path = Model;
			sourceTree = "<group>";
		};
		B10A7B151D354EFA002DD376 /* Extensions */ = {
			isa = PBXGroup;
			children = (
				B10A7B161D354F34002DD376 /* NSDate+convertToString.swift */,
			);
			path = Extensions;
			sourceTree = "<group>";
		};
		B11E28301D34A5A900C88663 /* Views */ = {
			isa = PBXGroup;
			children = (
				B11E28311D34A5DC00C88663 /* ListListTableViewCell.swift */,
			);
			path = Views;
			sourceTree = "<group>";
		};
		CA264DAC108A91B471EEB4A7 /* Pods */ = {
			isa = PBXGroup;
			children = (
				136C3DF35DA09A699232D38F /* Pods-FreeMe.debug.xcconfig */,
				874D0FBA6F7FFB3BD1DC6D5B /* Pods-FreeMe.release.xcconfig */,
			);
			name = Pods;
			sourceTree = "<group>";
		};
		D6F0E27CC330E1FD47280C58 /* Frameworks */ = {
			isa = PBXGroup;
			children = (
				7C30D4486FE64A2BA1CD1FD2 /* Pods_FreeMe.framework */,
			);
			name = Frameworks;
			sourceTree = "<group>";
		};
/* End PBXGroup section */

/* Begin PBXNativeTarget section */
		B1090D491D336E7000EBD7F6 /* FreeMe */ = {
			isa = PBXNativeTarget;
			buildConfigurationList = B1090D5C1D336E7000EBD7F6 /* Build configuration list for PBXNativeTarget "FreeMe" */;
			buildPhases = (
				79B08FF5EAFB02089310B4AC /* [CP] Check Pods Manifest.lock */,
				B1090D461D336E7000EBD7F6 /* Sources */,
				B1090D471D336E7000EBD7F6 /* Frameworks */,
				B1090D481D336E7000EBD7F6 /* Resources */,
				D9161B641484A54D5D2085D6 /* [CP] Embed Pods Frameworks */,
				1FB545AA38A7ED9F87988447 /* [CP] Copy Pods Resources */,
			);
			buildRules = (
			);
			dependencies = (
			);
			name = FreeMe;
			productName = FreeMe;
			productReference = B1090D4A1D336E7000EBD7F6 /* FreeMe.app */;
			productType = "com.apple.product-type.application";
		};
/* End PBXNativeTarget section */

/* Begin PBXProject section */
		B1090D421D336E7000EBD7F6 /* Project object */ = {
			isa = PBXProject;
			attributes = {
				LastSwiftUpdateCheck = 0730;
				LastUpgradeCheck = 0730;
				ORGANIZATIONNAME = VictorLee;
				TargetAttributes = {
					B1090D491D336E7000EBD7F6 = {
						CreatedOnToolsVersion = 7.3.1;
						DevelopmentTeam = E26925RH2T;
					};
				};
			};
			buildConfigurationList = B1090D451D336E7000EBD7F6 /* Build configuration list for PBXProject "FreeMe" */;
			compatibilityVersion = "Xcode 3.2";
			developmentRegion = English;
			hasScannedForEncodings = 0;
			knownRegions = (
				en,
				Base,
			);
			mainGroup = B1090D411D336E7000EBD7F6;
			productRefGroup = B1090D4B1D336E7000EBD7F6 /* Products */;
			projectDirPath = "";
			projectRoot = "";
			targets = (
				B1090D491D336E7000EBD7F6 /* FreeMe */,
			);
		};
/* End PBXProject section */

/* Begin PBXResourcesBuildPhase section */
		B1090D481D336E7000EBD7F6 /* Resources */ = {
			isa = PBXResourcesBuildPhase;
			buildActionMask = 2147483647;
			files = (
				B1090D581D336E7000EBD7F6 /* LaunchScreen.storyboard in Resources */,
				B1090D551D336E7000EBD7F6 /* Assets.xcassets in Resources */,
				B1090D531D336E7000EBD7F6 /* Main.storyboard in Resources */,
			);
			runOnlyForDeploymentPostprocessing = 0;
		};
/* End PBXResourcesBuildPhase section */

/* Begin PBXShellScriptBuildPhase section */
		1FB545AA38A7ED9F87988447 /* [CP] Copy Pods Resources */ = {
			isa = PBXShellScriptBuildPhase;
			buildActionMask = 2147483647;
			files = (
			);
			inputPaths = (
			);
			name = "[CP] Copy Pods Resources";
			outputPaths = (
			);
			runOnlyForDeploymentPostprocessing = 0;
			shellPath = /bin/sh;
			shellScript = "\"${SRCROOT}/Pods/Target Support Files/Pods-FreeMe/Pods-FreeMe-resources.sh\"\n";
			showEnvVarsInLog = 0;
		};
		79B08FF5EAFB02089310B4AC /* [CP] Check Pods Manifest.lock */ = {
			isa = PBXShellScriptBuildPhase;
			buildActionMask = 2147483647;
			files = (
			);
			inputPaths = (
			);
			name = "[CP] Check Pods Manifest.lock";
			outputPaths = (
			);
			runOnlyForDeploymentPostprocessing = 0;
			shellPath = /bin/sh;
			shellScript = "diff \"${PODS_ROOT}/../Podfile.lock\" \"${PODS_ROOT}/Manifest.lock\" > /dev/null\nif [[ $? != 0 ]] ; then\n    cat << EOM\nerror: The sandbox is not in sync with the Podfile.lock. Run 'pod install' or update your CocoaPods installation.\nEOM\n    exit 1\nfi\n";
			showEnvVarsInLog = 0;
		};
		D9161B641484A54D5D2085D6 /* [CP] Embed Pods Frameworks */ = {
			isa = PBXShellScriptBuildPhase;
			buildActionMask = 2147483647;
			files = (
			);
			inputPaths = (
			);
			name = "[CP] Embed Pods Frameworks";
			outputPaths = (
			);
			runOnlyForDeploymentPostprocessing = 0;
			shellPath = /bin/sh;
			shellScript = "\"${SRCROOT}/Pods/Target Support Files/Pods-FreeMe/Pods-FreeMe-frameworks.sh\"\n";
			showEnvVarsInLog = 0;
		};
/* End PBXShellScriptBuildPhase section */

/* Begin PBXSourcesBuildPhase section */
		B1090D461D336E7000EBD7F6 /* Sources */ = {
			isa = PBXSourcesBuildPhase;
			buildActionMask = 2147483647;
			files = (
				B1090D501D336E7000EBD7F6 /* ViewController.swift in Sources */,
				B11E282D1D34914700C88663 /* ListListTableViewController.swift in Sources */,
				B1090D6D1D339F2E00EBD7F6 /* RealmHelper.swift in Sources */,
				B11E28321D34A5DC00C88663 /* ListListTableViewCell.swift in Sources */,
				B10A7B171D354F34002DD376 /* NSDate+convertToString.swift in Sources */,
				B1090D4E1D336E7000EBD7F6 /* AppDelegate.swift in Sources */,
				B1090D601D3387BF00EBD7F6 /* List.swift in Sources */,
				B11E282F1D34945900C88663 /* DisplayListViewController.swift in Sources */,
			);
			runOnlyForDeploymentPostprocessing = 0;
		};
/* End PBXSourcesBuildPhase section */

/* Begin PBXVariantGroup section */
		B1090D511D336E7000EBD7F6 /* Main.storyboard */ = {
			isa = PBXVariantGroup;
			children = (
				B1090D521D336E7000EBD7F6 /* Base */,
			);
			name = Main.storyboard;
			sourceTree = "<group>";
		};
		B1090D561D336E7000EBD7F6 /* LaunchScreen.storyboard */ = {
			isa = PBXVariantGroup;
			children = (
				B1090D571D336E7000EBD7F6 /* Base */,
			);
			name = LaunchScreen.storyboard;
			sourceTree = "<group>";
		};
/* End PBXVariantGroup section */

/* Begin XCBuildConfiguration section */
		B1090D5A1D336E7000EBD7F6 /* Debug */ = {
			isa = XCBuildConfiguration;
			buildSettings = {
				ALWAYS_SEARCH_USER_PATHS = NO;
				CLANG_ANALYZER_NONNULL = YES;
				CLANG_CXX_LANGUAGE_STANDARD = "gnu++0x";
				CLANG_CXX_LIBRARY = "libc++";
				CLANG_ENABLE_MODULES = YES;
				CLANG_ENABLE_OBJC_ARC = YES;
				CLANG_WARN_BOOL_CONVERSION = YES;
				CLANG_WARN_CONSTANT_CONVERSION = YES;
				CLANG_WARN_DIRECT_OBJC_ISA_USAGE = YES_ERROR;
				CLANG_WARN_EMPTY_BODY = YES;
				CLANG_WARN_ENUM_CONVERSION = YES;
				CLANG_WARN_INT_CONVERSION = YES;
				CLANG_WARN_OBJC_ROOT_CLASS = YES_ERROR;
				CLANG_WARN_UNREACHABLE_CODE = YES;
				CLANG_WARN__DUPLICATE_METHOD_MATCH = YES;
				"CODE_SIGN_IDENTITY[sdk=iphoneos*]" = "iPhone Developer";
				COPY_PHASE_STRIP = NO;
				DEBUG_INFORMATION_FORMAT = dwarf;
				ENABLE_STRICT_OBJC_MSGSEND = YES;
				ENABLE_TESTABILITY = YES;
				GCC_C_LANGUAGE_STANDARD = gnu99;
				GCC_DYNAMIC_NO_PIC = NO;
				GCC_NO_COMMON_BLOCKS = YES;
				GCC_OPTIMIZATION_LEVEL = 0;
				GCC_PREPROCESSOR_DEFINITIONS = (
					"DEBUG=1",
					"$(inherited)",
				);
				GCC_WARN_64_TO_32_BIT_CONVERSION = YES;
				GCC_WARN_ABOUT_RETURN_TYPE = YES_ERROR;
				GCC_WARN_UNDECLARED_SELECTOR = YES;
				GCC_WARN_UNINITIALIZED_AUTOS = YES_AGGRESSIVE;
				GCC_WARN_UNUSED_FUNCTION = YES;
				GCC_WARN_UNUSED_VARIABLE = YES;
				IPHONEOS_DEPLOYMENT_TARGET = 9.3;
				MTL_ENABLE_DEBUG_INFO = YES;
				ONLY_ACTIVE_ARCH = YES;
				SDKROOT = iphoneos;
				SWIFT_OPTIMIZATION_LEVEL = "-Onone";
			};
			name = Debug;
		};
		B1090D5B1D336E7000EBD7F6 /* Release */ = {
			isa = XCBuildConfiguration;
			buildSettings = {
				ALWAYS_SEARCH_USER_PATHS = NO;
				CLANG_ANALYZER_NONNULL = YES;
				CLANG_CXX_LANGUAGE_STANDARD = "gnu++0x";
				CLANG_CXX_LIBRARY = "libc++";
				CLANG_ENABLE_MODULES = YES;
				CLANG_ENABLE_OBJC_ARC = YES;
				CLANG_WARN_BOOL_CONVERSION = YES;
				CLANG_WARN_CONSTANT_CONVERSION = YES;
				CLANG_WARN_DIRECT_OBJC_ISA_USAGE = YES_ERROR;
				CLANG_WARN_EMPTY_BODY = YES;
				CLANG_WARN_ENUM_CONVERSION = YES;
				CLANG_WARN_INT_CONVERSION = YES;
				CLANG_WARN_OBJC_ROOT_CLASS = YES_ERROR;
				CLANG_WARN_UNREACHABLE_CODE = YES;
				CLANG_WARN__DUPLICATE_METHOD_MATCH = YES;
				"CODE_SIGN_IDENTITY[sdk=iphoneos*]" = "iPhone Developer";
				COPY_PHASE_STRIP = NO;
				DEBUG_INFORMATION_FORMAT = "dwarf-with-dsym";
				ENABLE_NS_ASSERTIONS = NO;
				ENABLE_STRICT_OBJC_MSGSEND = YES;
				GCC_C_LANGUAGE_STANDARD = gnu99;
				GCC_NO_COMMON_BLOCKS = YES;
				GCC_WARN_64_TO_32_BIT_CONVERSION = YES;
				GCC_WARN_ABOUT_RETURN_TYPE = YES_ERROR;
				GCC_WARN_UNDECLARED_SELECTOR = YES;
				GCC_WARN_UNINITIALIZED_AUTOS = YES_AGGRESSIVE;
				GCC_WARN_UNUSED_FUNCTION = YES;
				GCC_WARN_UNUSED_VARIABLE = YES;
				IPHONEOS_DEPLOYMENT_TARGET = 9.3;
				MTL_ENABLE_DEBUG_INFO = NO;
				SDKROOT = iphoneos;
				VALIDATE_PRODUCT = YES;
			};
			name = Release;
		};
		B1090D5D1D336E7000EBD7F6 /* Debug */ = {
			isa = XCBuildConfiguration;
			baseConfigurationReference = 136C3DF35DA09A699232D38F /* Pods-FreeMe.debug.xcconfig */;
			buildSettings = {
				ASSETCATALOG_COMPILER_APPICON_NAME = AppIcon;
				CODE_SIGN_IDENTITY = "iPhone Developer";
				"CODE_SIGN_IDENTITY[sdk=iphoneos*]" = "iPhone Developer";
				FRAMEWORK_SEARCH_PATHS = (
					"$(inherited)",
					"$(PROJECT_DIR)/Frameworks",
				);
				INFOPLIST_FILE = FreeMe/Info.plist;
				LD_RUNPATH_SEARCH_PATHS = "$(inherited) @executable_path/Frameworks";
				PRODUCT_BUNDLE_IDENTIFIER = com.3Dlantis.Spekke.FreeMe;
				PRODUCT_NAME = "$(TARGET_NAME)";
				PROVISIONING_PROFILE = "";
			};
			name = Debug;
		};
		B1090D5E1D336E7000EBD7F6 /* Release */ = {
			isa = XCBuildConfiguration;
			baseConfigurationReference = 874D0FBA6F7FFB3BD1DC6D5B /* Pods-FreeMe.release.xcconfig */;
			buildSettings = {
				ASSETCATALOG_COMPILER_APPICON_NAME = AppIcon;
				CODE_SIGN_IDENTITY = "iPhone Developer";
				"CODE_SIGN_IDENTITY[sdk=iphoneos*]" = "iPhone Developer";
				FRAMEWORK_SEARCH_PATHS = (
					"$(inherited)",
					"$(PROJECT_DIR)/Frameworks",
				);
				INFOPLIST_FILE = FreeMe/Info.plist;
				LD_RUNPATH_SEARCH_PATHS = "$(inherited) @executable_path/Frameworks";
				PRODUCT_BUNDLE_IDENTIFIER = com.3Dlantis.Spekke.FreeMe;
				PRODUCT_NAME = "$(TARGET_NAME)";
				PROVISIONING_PROFILE = "";
			};
			name = Release;
		};
/* End XCBuildConfiguration section */

/* Begin XCConfigurationList section */
		B1090D451D336E7000EBD7F6 /* Build configuration list for PBXProject "FreeMe" */ = {
			isa = XCConfigurationList;
			buildConfigurations = (
				B1090D5A1D336E7000EBD7F6 /* Debug */,
				B1090D5B1D336E7000EBD7F6 /* Release */,
			);
			defaultConfigurationIsVisible = 0;
			defaultConfigurationName = Release;
		};
		B1090D5C1D336E7000EBD7F6 /* Build configuration list for PBXNativeTarget "FreeMe" */ = {
			isa = XCConfigurationList;
			buildConfigurations = (
				B1090D5D1D336E7000EBD7F6 /* Debug */,
				B1090D5E1D336E7000EBD7F6 /* Release */,
			);
			defaultConfigurationIsVisible = 0;
			defaultConfigurationName = Release;
		};
/* End XCConfigurationList section */
	};
	rootObject = B1090D421D336E7000EBD7F6 /* Project object */;
}
